
Microsoft Visual Studio Solution File, Format Version 12.00
# Visual Studio 15
VisualStudioVersion = 15.0.28010.0
MinimumVisualStudioVersion = 10.0.40219.1
Project("{FAE04EC0-301F-11D3-BF4B-00C04F79EFBC}") = "CleanImages", "CleanImages\CleanImages.csproj", "{4C17979B-AE6F-4F74-BFC1-E826BD36B04A}"
EndProject
Project("{FAE04EC0-301F-11D3-BF4B-00C04F79EFBC}") = "DxTrace", "..\..\DxTrace\DxTrace\DxTrace.csproj", "{3BAFED69-C3DA-4366-AA4D-95D829139175}"
EndProject
Global
	GlobalSection(SolutionConfigurationPlatforms) = preSolution
		Debug|Any CPU = Debug|Any CPU
		Release|Any CPU = Release|Any CPU
	EndGlobalSection
	GlobalSection(ProjectConfigurationPlatforms) = postSolution
		{4C17979B-AE6F-4F74-BFC1-E826BD36B04A}.Debug|Any CPU.ActiveCfg = Debug|Any CPU
		{4C17979B-AE6F-4F74-BFC1-E826BD36B04A}.Debug|Any CPU.Build.0 = Debug|Any CPU
		{4C17979B-AE6F-4F74-BFC1-E826BD36B04A}.Release|Any CPU.ActiveCfg = Release|Any CPU
		{4C17979B-AE6F-4F74-BFC1-E826BD36B04A}.Release|Any CPU.Build.0 = Release|Any CPU
		{3BAFED69-C3DA-4366-AA4D-95D829139175}.Debug|Any CPU.ActiveCfg = Debug|Any CPU
		{3BAFED69-C3DA-4366-AA4D-95D829139175}.Debug|Any CPU.Build.0 = Debug|Any CPU
		{3BAFED69-C3DA-4366-AA4D-95D829139175}.Release|Any CPU.ActiveCfg = Release|Any CPU
		{3BAFED69-C3DA-4366-AA4D-95D829139175}.Release|Any CPU.Build.0 = Release|Any CPU
	EndGlobalSection
	GlobalSection(SolutionProperties) = preSolution
		HideSolutionNode = FALSE
	EndGlobalSection
	GlobalSection(ExtensibilityGlobals) = postSolution
		SolutionGuid = {AECEF8D6-A869-4BB1-A09D-A599C0E84A24}
	EndGlobalSection
EndGlobal
